Microsoft Visual Studio Solution File, Format Version 12.00
# Visual Studio Version 17
VisualStudioVersion = 17.5.2.0
MinimumVisualStudioVersion = 10.0.40219.1
Project("{FAE04EC0-301F-11D3-BF4B-00C04F79EFBC}") = "BarcodeWebApi", "BarcodeWebApi.csproj", "{2285F646-5871-D475-276D-ADF9D4F80746}"
EndProject
Global
	GlobalSection(SolutionConfigurationPlatforms) = preSolution
		Debug|Any CPU = Debug|Any CPU
		Release|Any CPU = Release|Any CPU
	EndGlobalSection
	GlobalSection(ProjectConfigurationPlatforms) = postSolution
		{2285F646-5871-D475-276D-ADF9D4F80746}.Debug|Any CPU.ActiveCfg = Debug|Any CPU
		{2285F646-5871-D475-276D-ADF9D4F80746}.Debug|Any CPU.Build.0 = Debug|Any CPU
		{2285F646-5871-D475-276D-ADF9D4F80746}.Release|Any CPU.ActiveCfg = Release|Any CPU
		{2285F646-5871-D475-276D-ADF9D4F80746}.Release|Any CPU.Build.0 = Release|Any CPU
	EndGlobalSection
	GlobalSection(SolutionProperties) = preSolution
		HideSolutionNode = FALSE
	EndGlobalSection
	GlobalSection(ExtensibilityGlobals) = postSolution
		SolutionGuid = {D39DB99D-537A-426C-BEE8-4AFD4393E06B}
	EndGlobalSection
EndGlobal
